
Microsoft Visual Studio Solution File, Format Version 12.00
# Visual Studio Version 16
VisualStudioVersion = 16.0.30804.86
MinimumVisualStudioVersion = 10.0.40219.1
Project("{FAE04EC0-301F-11D3-BF4B-00C04F79EFBC}") = "Ejercicio3Cap2", "Ejercicio3Cap2\Ejercicio3Cap2.csproj", "{9B8CAF0D-6936-4644-B746-E2C3CB1AB0DA}"
EndProject
Global
	GlobalSection(SolutionConfigurationPlatforms) = preSolution
		Debug|Any CPU = Debug|Any CPU
		Release|Any CPU = Release|Any CPU
	EndGlobalSection
	GlobalSection(ProjectConfigurationPlatforms) = postSolution
		{9B8CAF0D-6936-4644-B746-E2C3CB1AB0DA}.Debug|Any CPU.ActiveCfg = Debug|Any CPU
		{9B8CAF0D-6936-4644-B746-E2C3CB1AB0DA}.Debug|Any CPU.Build.0 = Debug|Any CPU
		{9B8CAF0D-6936-4644-B746-E2C3CB1AB0DA}.Release|Any CPU.ActiveCfg = Release|Any CPU
		{9B8CAF0D-6936-4644-B746-E2C3CB1AB0DA}.Release|Any CPU.Build.0 = Release|Any CPU
	EndGlobalSection
	GlobalSection(SolutionProperties) = preSolution
		HideSolutionNode = FALSE
	EndGlobalSection
	GlobalSection(ExtensibilityGlobals) = postSolution
		SolutionGuid = {7E71DA05-F34E-4873-BE30-6A1DD7D1BC86}
	EndGlobalSection
EndGlobal
